Microsoft Visual Studio Solution File, Format Version 12.00
# Visual Studio 15
VisualStudioVersion = 15.0.27130.2027
MinimumVisualStudioVersion = 10.0.40219.1
Project("{9A19103F-16F7-4668-BE54-9A1E7A4F7556}") = "DIHL.Repository.Sql", "DIHL.Repository.Sql\DIHL.Repository.Sql.csproj", "{CD65C91F-D880-4A0C-8FB5-4FD56ADBAF94}"
EndProject
Project("{9A19103F-16F7-4668-BE54-9A1E7A4F7556}") = "DIHL.Application.Abstractions", "DIHL.Application.Abstractions\DIHL.Application.Abstractions.csproj", "{844F511C-8F24-4E44-9E9D-DE84DAA76EFB}"
EndProject
Project("{9A19103F-16F7-4668-BE54-9A1E7A4F7556}") = "DIHL.Repository.Sql.Startup", "DIHL.Repository.Sql.Startup\DIHL.Repository.Sql.Startup.csproj", "{DB83334E-FD13-4161-BA45-041EE1B44DC7}"
EndProject
Project("{9A19103F-16F7-4668-BE54-9A1E7A4F7556}") = "DIHL.Application.WebApi", "DIHL.Application.WebApi\DIHL.Application.WebApi.csproj", "{D9A97C6D-F27C-465D-ADC0-FF725524C797}"
EndProject
Project("{9A19103F-16F7-4668-BE54-9A1E7A4F7556}") = "DIHL.Application.Core", "DIHL.Application.Core\DIHL.Application.Core.csproj", "{6E6A163E-B8C8-481E-ADDA-2B816EAE5169}"
EndProject
Project("{9A19103F-16F7-4668-BE54-9A1E7A4F7556}") = "DIHL.Application.Core.Tests", "DIHL.Application.Core.Tests\DIHL.Application.Core.Tests.csproj", "{699E242C-6EE5-4984-837B-B1D16CE55973}"
EndProject
Project("{2150E333-8FDC-42A3-9474-1A3956D46DE8}") = "Server", "Server", "{FD58525B-5340-43B6-B58E-212B52AC3DB1}"
EndProject
Project("{2150E333-8FDC-42A3-9474-1A3956D46DE8}") = "Shared", "Shared", "{EEB36725-0537-4B74-B56C-EDCFDB33F524}"
EndProject
Project("{9A19103F-16F7-4668-BE54-9A1E7A4F7556}") = "DIHL.Domain", "DIHL.Domain\DIHL.Domain.csproj", "{DB827BDE-630E-44A3-8164-3E9664B82763}"
EndProject
Project("{9A19103F-16F7-4668-BE54-9A1E7A4F7556}") = "DIHL.DTOs", "DIHL.DTOs\DIHL.DTOs.csproj", "{6190257E-353C-4920-A19A-2C11F3210E3B}"
EndProject
Project("{9A19103F-16F7-4668-BE54-9A1E7A4F7556}") = "DIHL.Domain.Tests", "DIHL.Domain.Tests\DIHL.Domain.Tests.csproj", "{A186BA43-6571-4E5E-89F9-431622034581}"
EndProject
Global
	GlobalSection(SolutionConfigurationPlatforms) = preSolution
		Ad-Hoc|Any CPU = Ad-Hoc|Any CPU
		Ad-Hoc|ARM = Ad-Hoc|ARM
		Ad-Hoc|iPhone = Ad-Hoc|iPhone
		Ad-Hoc|iPhoneSimulator = Ad-Hoc|iPhoneSimulator
		Ad-Hoc|x64 = Ad-Hoc|x64
		Ad-Hoc|x86 = Ad-Hoc|x86
		AppStore|Any CPU = AppStore|Any CPU
		AppStore|ARM = AppStore|ARM
		AppStore|iPhone = AppStore|iPhone
		AppStore|iPhoneSimulator = AppStore|iPhoneSimulator
		AppStore|x64 = AppStore|x64
		AppStore|x86 = AppStore|x86
		Debug|Any CPU = Debug|Any CPU
		Debug|ARM = Debug|ARM
		Debug|iPhone = Debug|iPhone
		Debug|iPhoneSimulator = Debug|iPhoneSimulator
		Debug|x64 = Debug|x64
		Debug|x86 = Debug|x86
		Release|Any CPU = Release|Any CPU
		Release|ARM = Release|ARM
		Release|iPhone = Release|iPhone
		Release|iPhoneSimulator = Release|iPhoneSimulator
		Release|x64 = Release|x64
		Release|x86 = Release|x86
	EndGlobalSection
	GlobalSection(ProjectConfigurationPlatforms) = postSolution
		{CD65C91F-D880-4A0C-8FB5-4FD56ADBAF94}.Ad-Hoc|Any CPU.ActiveCfg = Release|Any CPU
		{CD65C91F-D880-4A0C-8FB5-4FD56ADBAF94}.Ad-Hoc|Any CPU.Build.0 = Release|Any CPU
		{CD65C91F-D880-4A0C-8FB5-4FD56ADBAF94}.Ad-Hoc|ARM.ActiveCfg = Release|Any CPU
		{CD65C91F-D880-4A0C-8FB5-4FD56ADBAF94}.Ad-Hoc|ARM.Build.0 = Release|Any CPU
		{CD65C91F-D880-4A0C-8FB5-4FD56ADBAF94}.Ad-Hoc|iPhone.ActiveCfg = Release|Any CPU
		{CD65C91F-D880-4A0C-8FB5-4FD56ADBAF94}.Ad-Hoc|iPhone.Build.0 = Release|Any CPU
		{CD65C91F-D880-4A0C-8FB5-4FD56ADBAF94}.Ad-Hoc|iPhoneSimulator.ActiveCfg = Release|Any CPU
		{CD65C91F-D880-4A0C-8FB5-4FD56ADBAF94}.Ad-Hoc|iPhoneSimulator.Build.0 = Release|Any CPU
		{CD65C91F-D880-4A0C-8FB5-4FD56ADBAF94}.Ad-Hoc|x64.ActiveCfg = Release|Any CPU
		{CD65C91F-D880-4A0C-8FB5-4FD56ADBAF94}.Ad-Hoc|x64.Build.0 = Release|Any CPU
		{CD65C91F-D880-4A0C-8FB5-4FD56ADBAF94}.Ad-Hoc|x86.ActiveCfg = Release|Any CPU
		{CD65C91F-D880-4A0C-8FB5-4FD56ADBAF94}.Ad-Hoc|x86.Build.0 = Release|Any CPU
		{CD65C91F-D880-4A0C-8FB5-4FD56ADBAF94}.AppStore|Any CPU.ActiveCfg = Release|Any CPU
		{CD65C91F-D880-4A0C-8FB5-4FD56ADBAF94}.AppStore|Any CPU.Build.0 = Release|Any CPU
		{CD65C91F-D880-4A0C-8FB5-4FD56ADBAF94}.AppStore|ARM.ActiveCfg = Release|Any CPU
		{CD65C91F-D880-4A0C-8FB5-4FD56ADBAF94}.AppStore|ARM.Build.0 = Release|Any CPU
		{CD65C91F-D880-4A0C-8FB5-4FD56ADBAF94}.AppStore|iPhone.ActiveCfg = Release|Any CPU
		{CD65C91F-D880-4A0C-8FB5-4FD56ADBAF94}.AppStore|iPhone.Build.0 = Release|Any CPU
		{CD65C91F-D880-4A0C-8FB5-4FD56ADBAF94}.AppStore|iPhoneSimulator.ActiveCfg = Release|Any CPU
		{CD65C91F-D880-4A0C-8FB5-4FD56ADBAF94}.AppStore|iPhoneSimulator.Build.0 = Release|Any CPU
		{CD65C91F-D880-4A0C-8FB5-4FD56ADBAF94}.AppStore|x64.ActiveCfg = Release|Any CPU
		{CD65C91F-D880-4A0C-8FB5-4FD56ADBAF94}.AppStore|x64.Build.0 = Release|Any CPU
		{CD65C91F-D880-4A0C-8FB5-4FD56ADBAF94}.AppStore|x86.ActiveCfg = Release|Any CPU
		{CD65C91F-D880-4A0C-8FB5-4FD56ADBAF94}.AppStore|x86.Build.0 = Release|Any CPU
		{CD65C91F-D880-4A0C-8FB5-4FD56ADBAF94}.Debug|Any CPU.ActiveCfg = Debug|Any CPU
		{CD65C91F-D880-4A0C-8FB5-4FD56ADBAF94}.Debug|Any CPU.Build.0 = Debug|Any CPU
		{CD65C91F-D880-4A0C-8FB5-4FD56ADBAF94}.Debug|ARM.ActiveCfg = Debug|Any CPU
		{CD65C91F-D880-4A0C-8FB5-4FD56ADBAF94}.Debug|ARM.Build.0 = Debug|Any CPU
		{CD65C91F-D880-4A0C-8FB5-4FD56ADBAF94}.Debug|iPhone.ActiveCfg = Debug|Any CPU
		{CD65C91F-D880-4A0C-8FB5-4FD56ADBAF94}.Debug|iPhone.Build.0 = Debug|Any CPU
		{CD65C91F-D880-4A0C-8FB5-4FD56ADBAF94}.Debug|iPhoneSimulator.ActiveCfg = Debug|Any CPU
		{CD65C91F-D880-4A0C-8FB5-4FD56ADBAF94}.Debug|iPhoneSimulator.Build.0 = Debug|Any CPU
		{CD65C91F-D880-4A0C-8FB5-4FD56ADBAF94}.Debug|x64.ActiveCfg = Debug|Any CPU
		{CD65C91F-D880-4A0C-8FB5-4FD56ADBAF94}.Debug|x64.Build.0 = Debug|Any CPU
		{CD65C91F-D880-4A0C-8FB5-4FD56ADBAF94}.Debug|x86.ActiveCfg = Debug|Any CPU
		{CD65C91F-D880-4A0C-8FB5-4FD56ADBAF94}.Debug|x86.Build.0 = Debug|Any CPU
		{CD65C91F-D880-4A0C-8FB5-4FD56ADBAF94}.Release|Any CPU.ActiveCfg = Release|Any CPU
		{CD65C91F-D880-4A0C-8FB5-4FD56ADBAF94}.Release|Any CPU.Build.0 = Release|Any CPU
		{CD65C91F-D880-4A0C-8FB5-4FD56ADBAF94}.Release|ARM.ActiveCfg = Release|Any CPU
		{CD65C91F-D880-4A0C-8FB5-4FD56ADBAF94}.Release|ARM.Build.0 = Release|Any CPU
		{CD65C91F-D880-4A0C-8FB5-4FD56ADBAF94}.Release|iPhone.ActiveCfg = Release|Any CPU
		{CD65C91F-D880-4A0C-8FB5-4FD56ADBAF94}.Release|iPhone.Build.0 = Release|Any CPU
		{CD65C91F-D880-4A0C-8FB5-4FD56ADBAF94}.Release|iPhoneSimulator.ActiveCfg = Release|Any CPU
		{CD65C91F-D880-4A0C-8FB5-4FD56ADBAF94}.Release|iPhoneSimulator.Build.0 = Release|Any CPU
		{CD65C91F-D880-4A0C-8FB5-4FD56ADBAF94}.Release|x64.ActiveCfg = Release|Any CPU
		{CD65C91F-D880-4A0C-8FB5-4FD56ADBAF94}.Release|x64.Build.0 = Release|Any CPU
		{CD65C91F-D880-4A0C-8FB5-4FD56ADBAF94}.Release|x86.ActiveCfg = Release|Any CPU
		{CD65C91F-D880-4A0C-8FB5-4FD56ADBAF94}.Release|x86.Build.0 = Release|Any CPU
		{844F511C-8F24-4E44-9E9D-DE84DAA76EFB}.Ad-Hoc|Any CPU.ActiveCfg = Release|Any CPU
		{844F511C-8F24-4E44-9E9D-DE84DAA76EFB}.Ad-Hoc|Any CPU.Build.0 = Release|Any CPU
		{844F511C-8F24-4E44-9E9D-DE84DAA76EFB}.Ad-Hoc|ARM.ActiveCfg = Release|Any CPU
		{844F511C-8F24-4E44-9E9D-DE84DAA76EFB}.Ad-Hoc|ARM.Build.0 = Release|Any CPU
		{844F511C-8F24-4E44-9E9D-DE84DAA76EFB}.Ad-Hoc|iPhone.ActiveCfg = Release|Any CPU
		{844F511C-8F24-4E44-9E9D-DE84DAA76EFB}.Ad-Hoc|iPhone.Build.0 = Release|Any CPU
		{844F511C-8F24-4E44-9E9D-DE84DAA76EFB}.Ad-Hoc|iPhoneSimulator.ActiveCfg = Release|Any CPU
		{844F511C-8F24-4E44-9E9D-DE84DAA76EFB}.Ad-Hoc|iPhoneSimulator.Build.0 = Release|Any CPU
		{844F511C-8F24-4E44-9E9D-DE84DAA76EFB}.Ad-Hoc|x64.ActiveCfg = Release|Any CPU
		{844F511C-8F24-4E44-9E9D-DE84DAA76EFB}.Ad-Hoc|x64.Build.0 = Release|Any CPU
		{844F511C-8F24-4E44-9E9D-DE84DAA76EFB}.Ad-Hoc|x86.ActiveCfg = Release|Any CPU
		{844F511C-8F24-4E44-9E9D-DE84DAA76EFB}.Ad-Hoc|x86.Build.0 = Release|Any CPU
		{844F511C-8F24-4E44-9E9D-DE84DAA76EFB}.AppStore|Any CPU.ActiveCfg = Release|Any CPU
		{844F511C-8F24-4E44-9E9D-DE84DAA76EFB}.AppStore|Any CPU.Build.0 = Release|Any CPU
		{844F511C-8F24-4E44-9E9D-DE84DAA76EFB}.AppStore|ARM.ActiveCfg = Release|Any CPU
		{844F511C-8F24-4E44-9E9D-DE84DAA76EFB}.AppStore|ARM.Build.0 = Release|Any CPU
		{844F511C-8F24-4E44-9E9D-DE84DAA76EFB}.AppStore|iPhone.ActiveCfg = Release|Any CPU
		{844F511C-8F24-4E44-9E9D-DE84DAA76EFB}.AppStore|iPhone.Build.0 = Release|Any CPU
		{844F511C-8F24-4E44-9E9D-DE84DAA76EFB}.AppStore|iPhoneSimulator.ActiveCfg = Release|Any CPU
		{844F511C-8F24-4E44-9E9D-DE84DAA76EFB}.AppStore|iPhoneSimulator.Build.0 = Release|Any CPU
		{844F511C-8F24-4E44-9E9D-DE84DAA76EFB}.AppStore|x64.ActiveCfg = Release|Any CPU
		{844F511C-8F24-4E44-9E9D-DE84DAA76EFB}.AppStore|x64.Build.0 = Release|Any CPU
		{844F511C-8F24-4E44-9E9D-DE84DAA76EFB}.AppStore|x86.ActiveCfg = Release|Any CPU
		{844F511C-8F24-4E44-9E9D-DE84DAA76EFB}.AppStore|x86.Build.0 = Release|Any CPU
		{844F511C-8F24-4E44-9E9D-DE84DAA76EFB}.Debug|Any CPU.ActiveCfg = Debug|Any CPU
		{844F511C-8F24-4E44-9E9D-DE84DAA76EFB}.Debug|Any CPU.Build.0 = Debug|Any CPU
		{844F511C-8F24-4E44-9E9D-DE84DAA76EFB}.Debug|ARM.ActiveCfg = Debug|Any CPU
		{844F511C-8F24-4E44-9E9D-DE84DAA76EFB}.Debug|ARM.Build.0 = Debug|Any CPU
		{844F511C-8F24-4E44-9E9D-DE84DAA76EFB}.Debug|iPhone.ActiveCfg = Debug|Any CPU
		{844F511C-8F24-4E44-9E9D-DE84DAA76EFB}.Debug|iPhone.Build.0 = Debug|Any CPU
		{844F511C-8F24-4E44-9E9D-DE84DAA76EFB}.Debug|iPhoneSimulator.ActiveCfg = Debug|Any CPU
		{844F511C-8F24-4E44-9E9D-DE84DAA76EFB}.Debug|iPhoneSimulator.Build.0 = Debug|Any CPU
		{844F511C-8F24-4E44-9E9D-DE84DAA76EFB}.Debug|x64.ActiveCfg = Debug|Any CPU
		{844F511C-8F24-4E44-9E9D-DE84DAA76EFB}.Debug|x64.Build.0 = Debug|Any CPU
		{844F511C-8F24-4E44-9E9D-DE84DAA76EFB}.Debug|x86.ActiveCfg = Debug|Any CPU
		{844F511C-8F24-4E44-9E9D-DE84DAA76EFB}.Debug|x86.Build.0 = Debug|Any CPU
		{844F511C-8F24-4E44-9E9D-DE84DAA76EFB}.Release|Any CPU.ActiveCfg = Release|Any CPU
		{844F511C-8F24-4E44-9E9D-DE84DAA76EFB}.Release|Any CPU.Build.0 = Release|Any CPU
		{844F511C-8F24-4E44-9E9D-DE84DAA76EFB}.Release|ARM.ActiveCfg = Release|Any CPU
		{844F511C-8F24-4E44-9E9D-DE84DAA76EFB}.Release|ARM.Build.0 = Release|Any CPU
		{844F511C-8F24-4E44-9E9D-DE84DAA76EFB}.Release|iPhone.ActiveCfg = Release|Any CPU
		{844F511C-8F24-4E44-9E9D-DE84DAA76EFB}.Release|iPhone.Build.0 = Release|Any CPU
		{844F511C-8F24-4E44-9E9D-DE84DAA76EFB}.Release|iPhoneSimulator.ActiveCfg = Release|Any CPU
		{844F511C-8F24-4E44-9E9D-DE84DAA76EFB}.Release|iPhoneSimulator.Build.0 = Release|Any CPU
		{844F511C-8F24-4E44-9E9D-DE84DAA76EFB}.Release|x64.ActiveCfg = Release|Any CPU
		{844F511C-8F24-4E44-9E9D-DE84DAA76EFB}.Release|x64.Build.0 = Release|Any CPU
		{844F511C-8F24-4E44-9E9D-DE84DAA76EFB}.Release|x86.ActiveCfg = Release|Any CPU
		{844F511C-8F24-4E44-9E9D-DE84DAA76EFB}.Release|x86.Build.0 = Release|Any CPU
		{DB83334E-FD13-4161-BA45-041EE1B44DC7}.Ad-Hoc|Any CPU.ActiveCfg = Release|Any CPU
		{DB83334E-FD13-4161-BA45-041EE1B44DC7}.Ad-Hoc|Any CPU.Build.0 = Release|Any CPU
		{DB83334E-FD13-4161-BA45-041EE1B44DC7}.Ad-Hoc|ARM.ActiveCfg = Release|Any CPU
		{DB83334E-FD13-4161-BA45-041EE1B44DC7}.Ad-Hoc|ARM.Build.0 = Release|Any CPU
		{DB83334E-FD13-4161-BA45-041EE1B44DC7}.Ad-Hoc|iPhone.ActiveCfg = Release|Any CPU
		{DB83334E-FD13-4161-BA45-041EE1B44DC7}.Ad-Hoc|iPhone.Build.0 = Release|Any CPU
		{DB83334E-FD13-4161-BA45-041EE1B44DC7}.Ad-Hoc|iPhoneSimulator.ActiveCfg = Release|Any CPU
		{DB83334E-FD13-4161-BA45-041EE1B44DC7}.Ad-Hoc|iPhoneSimulator.Build.0 = Release|Any CPU
		{DB83334E-FD13-4161-BA45-041EE1B44DC7}.Ad-Hoc|x64.ActiveCfg = Release|Any CPU
		{DB83334E-FD13-4161-BA45-041EE1B44DC7}.Ad-Hoc|x64.Build.0 = Release|Any CPU
		{DB83334E-FD13-4161-BA45-041EE1B44DC7}.Ad-Hoc|x86.ActiveCfg = Release|Any CPU
		{DB83334E-FD13-4161-BA45-041EE1B44DC7}.Ad-Hoc|x86.Build.0 = Release|Any CPU
		{DB83334E-FD13-4161-BA45-041EE1B44DC7}.AppStore|Any CPU.ActiveCfg = Release|Any CPU
		{DB83334E-FD13-4161-BA45-041EE1B44DC7}.AppStore|Any CPU.Build.0 = Release|Any CPU
		{DB83334E-FD13-4161-BA45-041EE1B44DC7}.AppStore|ARM.ActiveCfg = Release|Any CPU
		{DB83334E-FD13-4161-BA45-041EE1B44DC7}.AppStore|ARM.Build.0 = Release|Any CPU
		{DB83334E-FD13-4161-BA45-041EE1B44DC7}.AppStore|iPhone.ActiveCfg = Release|Any CPU
		{DB83334E-FD13-4161-BA45-041EE1B44DC7}.AppStore|iPhone.Build.0 = Release|Any CPU
		{DB83334E-FD13-4161-BA45-041EE1B44DC7}.AppStore|iPhoneSimulator.ActiveCfg = Release|Any CPU
		{DB83334E-FD13-4161-BA45-041EE1B44DC7}.AppStore|iPhoneSimulator.Build.0 = Release|Any CPU
		{DB83334E-FD13-4161-BA45-041EE1B44DC7}.AppStore|x64.ActiveCfg = Release|Any CPU
		{DB83334E-FD13-4161-BA45-041EE1B44DC7}.AppStore|x64.Build.0 = Release|Any CPU
		{DB83334E-FD13-4161-BA45-041EE1B44DC7}.AppStore|x86.ActiveCfg = Release|Any CPU
		{DB83334E-FD13-4161-BA45-041EE1B44DC7}.AppStore|x86.Build.0 = Release|Any CPU
		{DB83334E-FD13-4161-BA45-041EE1B44DC7}.Debug|Any CPU.ActiveCfg = Debug|Any CPU
		{DB83334E-FD13-4161-BA45-041EE1B44DC7}.Debug|Any CPU.Build.0 = Debug|Any CPU
		{DB83334E-FD13-4161-BA45-041EE1B44DC7}.Debug|ARM.ActiveCfg = Debug|Any CPU
		{DB83334E-FD13-4161-BA45-041EE1B44DC7}.Debug|ARM.Build.0 = Debug|Any CPU
		{DB83334E-FD13-4161-BA45-041EE1B44DC7}.Debug|iPhone.ActiveCfg = Debug|Any CPU
		{DB83334E-FD13-4161-BA45-041EE1B44DC7}.Debug|iPhone.Build.0 = Debug|Any CPU
		{DB83334E-FD13-4161-BA45-041EE1B44DC7}.Debug|iPhoneSimulator.ActiveCfg = Debug|Any CPU
		{DB83334E-FD13-4161-BA45-041EE1B44DC7}.Debug|iPhoneSimulator.Build.0 = Debug|Any CPU
		{DB83334E-FD13-4161-BA45-041EE1B44DC7}.Debug|x64.ActiveCfg = Debug|Any CPU
		{DB83334E-FD13-4161-BA45-041EE1B44DC7}.Debug|x64.Build.0 = Debug|Any CPU
		{DB83334E-FD13-4161-BA45-041EE1B44DC7}.Debug|x86.ActiveCfg = Debug|Any CPU
		{DB83334E-FD13-4161-BA45-041EE1B44DC7}.Debug|x86.Build.0 = Debug|Any CPU
		{DB83334E-FD13-4161-BA45-041EE1B44DC7}.Release|Any CPU.ActiveCfg = Release|Any CPU
		{DB83334E-FD13-4161-BA45-041EE1B44DC7}.Release|Any CPU.Build.0 = Release|Any CPU
		{DB83334E-FD13-4161-BA45-041EE1B44DC7}.Release|ARM.ActiveCfg = Release|Any CPU
		{DB83334E-FD13-4161-BA45-041EE1B44DC7}.Release|ARM.Build.0 = Release|Any CPU
		{DB83334E-FD13-4161-BA45-041EE1B44DC7}.Release|iPhone.ActiveCfg = Release|Any CPU
		{DB83334E-FD13-4161-BA45-041EE1B44DC7}.Release|iPhone.Build.0 = Release|Any CPU
		{DB83334E-FD13-4161-BA45-041EE1B44DC7}.Release|iPhoneSimulator.ActiveCfg = Release|Any CPU
		{DB83334E-FD13-4161-BA45-041EE1B44DC7}.Release|iPhoneSimulator.Build.0 = Release|Any CPU
		{DB83334E-FD13-4161-BA45-041EE1B44DC7}.Release|x64.ActiveCfg = Release|Any CPU
		{DB83334E-FD13-4161-BA45-041EE1B44DC7}.Release|x64.Build.0 = Release|Any CPU
		{DB83334E-FD13-4161-BA45-041EE1B44DC7}.Release|x86.ActiveCfg = Release|Any CPU
		{DB83334E-FD13-4161-BA45-041EE1B44DC7}.Release|x86.Build.0 = Release|Any CPU
		{D9A97C6D-F27C-465D-ADC0-FF725524C797}.Ad-Hoc|Any CPU.ActiveCfg = Release|Any CPU
		{D9A97C6D-F27C-465D-ADC0-FF725524C797}.Ad-Hoc|Any CPU.Build.0 = Release|Any CPU
		{D9A97C6D-F27C-465D-ADC0-FF725524C797}.Ad-Hoc|ARM.ActiveCfg = Release|Any CPU
		{D9A97C6D-F27C-465D-ADC0-FF725524C797}.Ad-Hoc|ARM.Build.0 = Release|Any CPU
		{D9A97C6D-F27C-465D-ADC0-FF725524C797}.Ad-Hoc|iPhone.ActiveCfg = Release|Any CPU
		{D9A97C6D-F27C-465D-ADC0-FF725524C797}.Ad-Hoc|iPhone.Build.0 = Release|Any CPU
		{D9A97C6D-F27C-465D-ADC0-FF725524C797}.Ad-Hoc|iPhoneSimulator.ActiveCfg = Release|Any CPU
		{D9A97C6D-F27C-465D-ADC0-FF725524C797}.Ad-Hoc|iPhoneSimulator.Build.0 = Release|Any CPU
		{D9A97C6D-F27C-465D-ADC0-FF725524C797}.Ad-Hoc|x64.ActiveCfg = Release|Any CPU
		{D9A97C6D-F27C-465D-ADC0-FF725524C797}.Ad-Hoc|x64.Build.0 = Release|Any CPU
		{D9A97C6D-F27C-465D-ADC0-FF725524C797}.Ad-Hoc|x86.ActiveCfg = Release|Any CPU
		{D9A97C6D-F27C-465D-ADC0-FF725524C797}.Ad-Hoc|x86.Build.0 = Release|Any CPU
		{D9A97C6D-F27C-465D-ADC0-FF725524C797}.AppStore|Any CPU.ActiveCfg = Release|Any CPU
		{D9A97C6D-F27C-465D-ADC0-FF725524C797}.AppStore|Any CPU.Build.0 = Release|Any CPU
		{D9A97C6D-F27C-465D-ADC0-FF725524C797}.AppStore|ARM.ActiveCfg = Release|Any CPU
		{D9A97C6D-F27C-465D-ADC0-FF725524C797}.AppStore|ARM.Build.0 = Release|Any CPU
		{D9A97C6D-F27C-465D-ADC0-FF725524C797}.AppStore|iPhone.ActiveCfg = Release|Any CPU
		{D9A97C6D-F27C-465D-ADC0-FF725524C797}.AppStore|iPhone.Build.0 = Release|Any CPU
		{D9A97C6D-F27C-465D-ADC0-FF725524C797}.AppStore|iPhoneSimulator.ActiveCfg = Release|Any CPU
		{D9A97C6D-F27C-465D-ADC0-FF725524C797}.AppStore|iPhoneSimulator.Build.0 = Release|Any CPU
		{D9A97C6D-F27C-465D-ADC0-FF725524C797}.AppStore|x64.ActiveCfg = Release|Any CPU
		{D9A97C6D-F27C-465D-ADC0-FF725524C797}.AppStore|x64.Build.0 = Release|Any CPU
		{D9A97C6D-F27C-465D-ADC0-FF725524C797}.AppStore|x86.ActiveCfg = Release|Any CPU
		{D9A97C6D-F27C-465D-ADC0-FF725524C797}.AppStore|x86.Build.0 = Release|Any CPU
		{D9A97C6D-F27C-465D-ADC0-FF725524C797}.Debug|Any CPU.ActiveCfg = Debug|Any CPU
		{D9A97C6D-F27C-465D-ADC0-FF725524C797}.Debug|Any CPU.Build.0 = Debug|Any CPU
		{D9A97C6D-F27C-465D-ADC0-FF725524C797}.Debug|ARM.ActiveCfg = Debug|Any CPU
		{D9A97C6D-F27C-465D-ADC0-FF725524C797}.Debug|ARM.Build.0 = Debug|Any CPU
		{D9A97C6D-F27C-465D-ADC0-FF725524C797}.Debug|iPhone.ActiveCfg = Debug|Any CPU
		{D9A97C6D-F27C-465D-ADC0-FF725524C797}.Debug|iPhone.Build.0 = Debug|Any CPU
		{D9A97C6D-F27C-465D-ADC0-FF725524C797}.Debug|iPhoneSimulator.ActiveCfg = Debug|Any CPU
		{D9A97C6D-F27C-465D-ADC0-FF725524C797}.Debug|iPhoneSimulator.Build.0 = Debug|Any CPU
		{D9A97C6D-F27C-465D-ADC0-FF725524C797}.Debug|x64.ActiveCfg = Debug|Any CPU
		{D9A97C6D-F27C-465D-ADC0-FF725524C797}.Debug|x64.Build.0 = Debug|Any CPU
		{D9A97C6D-F27C-465D-ADC0-FF725524C797}.Debug|x86.ActiveCfg = Debug|Any CPU
		{D9A97C6D-F27C-465D-ADC0-FF725524C797}.Debug|x86.Build.0 = Debug|Any CPU
		{D9A97C6D-F27C-465D-ADC0-FF725524C797}.Release|Any CPU.ActiveCfg = Release|Any CPU
		{D9A97C6D-F27C-465D-ADC0-FF725524C797}.Release|Any CPU.Build.0 = Release|Any CPU
		{D9A97C6D-F27C-465D-ADC0-FF725524C797}.Release|ARM.ActiveCfg = Release|Any CPU
		{D9A97C6D-F27C-465D-ADC0-FF725524C797}.Release|ARM.Build.0 = Release|Any CPU
		{D9A97C6D-F27C-465D-ADC0-FF725524C797}.Release|iPhone.ActiveCfg = Release|Any CPU
		{D9A97C6D-F27C-465D-ADC0-FF725524C797}.Release|iPhone.Build.0 = Release|Any CPU
		{D9A97C6D-F27C-465D-ADC0-FF725524C797}.Release|iPhoneSimulator.ActiveCfg = Release|Any CPU
		{D9A97C6D-F27C-465D-ADC0-FF725524C797}.Release|iPhoneSimulator.Build.0 = Release|Any CPU
		{D9A97C6D-F27C-465D-ADC0-FF725524C797}.Release|x64.ActiveCfg = Release|Any CPU
		{D9A97C6D-F27C-465D-ADC0-FF725524C797}.Release|x64.Build.0 = Release|Any CPU
		{D9A97C6D-F27C-465D-ADC0-FF725524C797}.Release|x86.ActiveCfg = Release|Any CPU
		{D9A97C6D-F27C-465D-ADC0-FF725524C797}.Release|x86.Build.0 = Release|Any CPU
		{6E6A163E-B8C8-481E-ADDA-2B816EAE5169}.Ad-Hoc|Any CPU.ActiveCfg = Release|Any CPU
		{6E6A163E-B8C8-481E-ADDA-2B816EAE5169}.Ad-Hoc|Any CPU.Build.0 = Release|Any CPU
		{6E6A163E-B8C8-481E-ADDA-2B816EAE5169}.Ad-Hoc|ARM.ActiveCfg = Release|Any CPU
		{6E6A163E-B8C8-481E-ADDA-2B816EAE5169}.Ad-Hoc|ARM.Build.0 = Release|Any CPU
		{6E6A163E-B8C8-481E-ADDA-2B816EAE5169}.Ad-Hoc|iPhone.ActiveCfg = Release|Any CPU
		{6E6A163E-B8C8-481E-ADDA-2B816EAE5169}.Ad-Hoc|iPhone.Build.0 = Release|Any CPU
		{6E6A163E-B8C8-481E-ADDA-2B816EAE5169}.Ad-Hoc|iPhoneSimulator.ActiveCfg = Release|Any CPU
		{6E6A163E-B8C8-481E-ADDA-2B816EAE5169}.Ad-Hoc|iPhoneSimulator.Build.0 = Release|Any CPU
		{6E6A163E-B8C8-481E-ADDA-2B816EAE5169}.Ad-Hoc|x64.ActiveCfg = Release|Any CPU
		{6E6A163E-B8C8-481E-ADDA-2B816EAE5169}.Ad-Hoc|x64.Build.0 = Release|Any CPU
		{6E6A163E-B8C8-481E-ADDA-2B816EAE5169}.Ad-Hoc|x86.ActiveCfg = Release|Any CPU
		{6E6A163E-B8C8-481E-ADDA-2B816EAE5169}.Ad-Hoc|x86.Build.0 = Release|Any CPU
		{6E6A163E-B8C8-481E-ADDA-2B816EAE5169}.AppStore|Any CPU.ActiveCfg = Release|Any CPU
		{6E6A163E-B8C8-481E-ADDA-2B816EAE5169}.AppStore|Any CPU.Build.0 = Release|Any CPU
		{6E6A163E-B8C8-481E-ADDA-2B816EAE5169}.AppStore|ARM.ActiveCfg = Release|Any CPU
		{6E6A163E-B8C8-481E-ADDA-2B816EAE5169}.AppStore|ARM.Build.0 = Release|Any CPU
		{6E6A163E-B8C8-481E-ADDA-2B816EAE5169}.AppStore|iPhone.ActiveCfg = Release|Any CPU
		{6E6A163E-B8C8-481E-ADDA-2B816EAE5169}.AppStore|iPhone.Build.0 = Release|Any CPU
		{6E6A163E-B8C8-481E-ADDA-2B816EAE5169}.AppStore|iPhoneSimulator.ActiveCfg = Release|Any CPU
		{6E6A163E-B8C8-481E-ADDA-2B816EAE5169}.AppStore|iPhoneSimulator.Build.0 = Release|Any CPU
		{6E6A163E-B8C8-481E-ADDA-2B816EAE5169}.AppStore|x64.ActiveCfg = Release|Any CPU
		{6E6A163E-B8C8-481E-ADDA-2B816EAE5169}.AppStore|x64.Build.0 = Release|Any CPU
		{6E6A163E-B8C8-481E-ADDA-2B816EAE5169}.AppStore|x86.ActiveCfg = Release|Any CPU
		{6E6A163E-B8C8-481E-ADDA-2B816EAE5169}.AppStore|x86.Build.0 = Release|Any CPU
		{6E6A163E-B8C8-481E-ADDA-2B816EAE5169}.Debug|Any CPU.ActiveCfg = Debug|Any CPU
		{6E6A163E-B8C8-481E-ADDA-2B816EAE5169}.Debug|Any CPU.Build.0 = Debug|Any CPU
		{6E6A163E-B8C8-481E-ADDA-2B816EAE5169}.Debug|ARM.ActiveCfg = Debug|Any CPU
		{6E6A163E-B8C8-481E-ADDA-2B816EAE5169}.Debug|ARM.Build.0 = Debug|Any CPU
		{6E6A163E-B8C8-481E-ADDA-2B816EAE5169}.Debug|iPhone.ActiveCfg = Debug|Any CPU
		{6E6A163E-B8C8-481E-ADDA-2B816EAE5169}.Debug|iPhone.Build.0 = Debug|Any CPU
		{6E6A163E-B8C8-481E-ADDA-2B816EAE5169}.Debug|iPhoneSimulator.ActiveCfg = Debug|Any CPU
		{6E6A163E-B8C8-481E-ADDA-2B816EAE5169}.Debug|iPhoneSimulator.Build.0 = Debug|Any CPU
		{6E6A163E-B8C8-481E-ADDA-2B816EAE5169}.Debug|x64.ActiveCfg = Debug|Any CPU
		{6E6A163E-B8C8-481E-ADDA-2B816EAE5169}.Debug|x64.Build.0 = Debug|Any CPU
		{6E6A163E-B8C8-481E-ADDA-2B816EAE5169}.Debug|x86.ActiveCfg = Debug|Any CPU
		{6E6A163E-B8C8-481E-ADDA-2B816EAE5169}.Debug|x86.Build.0 = Debug|Any CPU
		{6E6A163E-B8C8-481E-ADDA-2B816EAE5169}.Release|Any CPU.ActiveCfg = Release|Any CPU
		{6E6A163E-B8C8-481E-ADDA-2B816EAE5169}.Release|Any CPU.Build.0 = Release|Any CPU
		{6E6A163E-B8C8-481E-ADDA-2B816EAE5169}.Release|ARM.ActiveCfg = Release|Any CPU
		{6E6A163E-B8C8-481E-ADDA-2B816EAE5169}.Release|ARM.Build.0 = Release|Any CPU
		{6E6A163E-B8C8-481E-ADDA-2B816EAE5169}.Release|iPhone.ActiveCfg = Release|Any CPU
		{6E6A163E-B8C8-481E-ADDA-2B816EAE5169}.Release|iPhone.Build.0 = Release|Any CPU
		{6E6A163E-B8C8-481E-ADDA-2B816EAE5169}.Release|iPhoneSimulator.ActiveCfg = Release|Any CPU
		{6E6A163E-B8C8-481E-ADDA-2B816EAE5169}.Release|iPhoneSimulator.Build.0 = Release|Any CPU
		{6E6A163E-B8C8-481E-ADDA-2B816EAE5169}.Release|x64.ActiveCfg = Release|Any CPU
		{6E6A163E-B8C8-481E-ADDA-2B816EAE5169}.Release|x64.Build.0 = Release|Any CPU
		{6E6A163E-B8C8-481E-ADDA-2B816EAE5169}.Release|x86.ActiveCfg = Release|Any CPU
		{6E6A163E-B8C8-481E-ADDA-2B816EAE5169}.Release|x86.Build.0 = Release|Any CPU
		{699E242C-6EE5-4984-837B-B1D16CE55973}.Ad-Hoc|Any CPU.ActiveCfg = Release|Any CPU
		{699E242C-6EE5-4984-837B-B1D16CE55973}.Ad-Hoc|Any CPU.Build.0 = Release|Any CPU
		{699E242C-6EE5-4984-837B-B1D16CE55973}.Ad-Hoc|ARM.ActiveCfg = Release|Any CPU
		{699E242C-6EE5-4984-837B-B1D16CE55973}.Ad-Hoc|ARM.Build.0 = Release|Any CPU
		{699E242C-6EE5-4984-837B-B1D16CE55973}.Ad-Hoc|iPhone.ActiveCfg = Release|Any CPU
		{699E242C-6EE5-4984-837B-B1D16CE55973}.Ad-Hoc|iPhone.Build.0 = Release|Any CPU
		{699E242C-6EE5-4984-837B-B1D16CE55973}.Ad-Hoc|iPhoneSimulator.ActiveCfg = Release|Any CPU
		{699E242C-6EE5-4984-837B-B1D16CE55973}.Ad-Hoc|iPhoneSimulator.Build.0 = Release|Any CPU
		{699E242C-6EE5-4984-837B-B1D16CE55973}.Ad-Hoc|x64.ActiveCfg = Release|Any CPU
		{699E242C-6EE5-4984-837B-B1D16CE55973}.Ad-Hoc|x64.Build.0 = Release|Any CPU
		{699E242C-6EE5-4984-837B-B1D16CE55973}.Ad-Hoc|x86.ActiveCfg = Release|Any CPU
		{699E242C-6EE5-4984-837B-B1D16CE55973}.Ad-Hoc|x86.Build.0 = Release|Any CPU
		{699E242C-6EE5-4984-837B-B1D16CE55973}.AppStore|Any CPU.ActiveCfg = Release|Any CPU
		{699E242C-6EE5-4984-837B-B1D16CE55973}.AppStore|Any CPU.Build.0 = Release|Any CPU
		{699E242C-6EE5-4984-837B-B1D16CE55973}.AppStore|ARM.ActiveCfg = Release|Any CPU
		{699E242C-6EE5-4984-837B-B1D16CE55973}.AppStore|ARM.Build.0 = Release|Any CPU
		{699E242C-6EE5-4984-837B-B1D16CE55973}.AppStore|iPhone.ActiveCfg = Release|Any CPU
		{699E242C-6EE5-4984-837B-B1D16CE55973}.AppStore|iPhone.Build.0 = Release|Any CPU
		{699E242C-6EE5-4984-837B-B1D16CE55973}.AppStore|iPhoneSimulator.ActiveCfg = Release|Any CPU
		{699E242C-6EE5-4984-837B-B1D16CE55973}.AppStore|iPhoneSimulator.Build.0 = Release|Any CPU
		{699E242C-6EE5-4984-837B-B1D16CE55973}.AppStore|x64.ActiveCfg = Release|Any CPU
		{699E242C-6EE5-4984-837B-B1D16CE55973}.AppStore|x64.Build.0 = Release|Any CPU
		{699E242C-6EE5-4984-837B-B1D16CE55973}.AppStore|x86.ActiveCfg = Release|Any CPU
		{699E242C-6EE5-4984-837B-B1D16CE55973}.AppStore|x86.Build.0 = Release|Any CPU
		{699E242C-6EE5-4984-837B-B1D16CE55973}.Debug|Any CPU.ActiveCfg = Debug|Any CPU
		{699E242C-6EE5-4984-837B-B1D16CE55973}.Debug|Any CPU.Build.0 = Debug|Any CPU
		{699E242C-6EE5-4984-837B-B1D16CE55973}.Debug|ARM.ActiveCfg = Debug|Any CPU
		{699E242C-6EE5-4984-837B-B1D16CE55973}.Debug|ARM.Build.0 = Debug|Any CPU
		{699E242C-6EE5-4984-837B-B1D16CE55973}.Debug|iPhone.ActiveCfg = Debug|Any CPU
		{699E242C-6EE5-4984-837B-B1D16CE55973}.Debug|iPhone.Build.0 = Debug|Any CPU
		{699E242C-6EE5-4984-837B-B1D16CE55973}.Debug|iPhoneSimulator.ActiveCfg = Debug|Any CPU
		{699E242C-6EE5-4984-837B-B1D16CE55973}.Debug|iPhoneSimulator.Build.0 = Debug|Any CPU
		{699E242C-6EE5-4984-837B-B1D16CE55973}.Debug|x64.ActiveCfg = Debug|Any CPU
		{699E242C-6EE5-4984-837B-B1D16CE55973}.Debug|x64.Build.0 = Debug|Any CPU
		{699E242C-6EE5-4984-837B-B1D16CE55973}.Debug|x86.ActiveCfg = Debug|Any CPU
		{699E242C-6EE5-4984-837B-B1D16CE55973}.Debug|x86.Build.0 = Debug|Any CPU
		{699E242C-6EE5-4984-837B-B1D16CE55973}.Release|Any CPU.ActiveCfg = Release|Any CPU
		{699E242C-6EE5-4984-837B-B1D16CE55973}.Release|Any CPU.Build.0 = Release|Any CPU
		{699E242C-6EE5-4984-837B-B1D16CE55973}.Release|ARM.ActiveCfg = Release|Any CPU
		{699E242C-6EE5-4984-837B-B1D16CE55973}.Release|ARM.Build.0 = Release|Any CPU
		{699E242C-6EE5-4984-837B-B1D16CE55973}.Release|iPhone.ActiveCfg = Release|Any CPU
		{699E242C-6EE5-4984-837B-B1D16CE55973}.Release|iPhone.Build.0 = Release|Any CPU
		{699E242C-6EE5-4984-837B-B1D16CE55973}.Release|iPhoneSimulator.ActiveCfg = Release|Any CPU
		{699E242C-6EE5-4984-837B-B1D16CE55973}.Release|iPhoneSimulator.Build.0 = Release|Any CPU
		{699E242C-6EE5-4984-837B-B1D16CE55973}.Release|x64.ActiveCfg = Release|Any CPU
		{699E242C-6EE5-4984-837B-B1D16CE55973}.Release|x64.Build.0 = Release|Any CPU
		{699E242C-6EE5-4984-837B-B1D16CE55973}.Release|x86.ActiveCfg = Release|Any CPU
		{699E242C-6EE5-4984-837B-B1D16CE55973}.Release|x86.Build.0 = Release|Any CPU
		{DB827BDE-630E-44A3-8164-3E9664B82763}.Ad-Hoc|Any CPU.ActiveCfg = Debug|Any CPU
		{DB827BDE-630E-44A3-8164-3E9664B82763}.Ad-Hoc|Any CPU.Build.0 = Debug|Any CPU
		{DB827BDE-630E-44A3-8164-3E9664B82763}.Ad-Hoc|ARM.ActiveCfg = Debug|Any CPU
		{DB827BDE-630E-44A3-8164-3E9664B82763}.Ad-Hoc|ARM.Build.0 = Debug|Any CPU
		{DB827BDE-630E-44A3-8164-3E9664B82763}.Ad-Hoc|iPhone.ActiveCfg = Debug|Any CPU
		{DB827BDE-630E-44A3-8164-3E9664B82763}.Ad-Hoc|iPhone.Build.0 = Debug|Any CPU
		{DB827BDE-630E-44A3-8164-3E9664B82763}.Ad-Hoc|iPhoneSimulator.ActiveCfg = Debug|Any CPU
		{DB827BDE-630E-44A3-8164-3E9664B82763}.Ad-Hoc|iPhoneSimulator.Build.0 = Debug|Any CPU
		{DB827BDE-630E-44A3-8164-3E9664B82763}.Ad-Hoc|x64.ActiveCfg = Debug|Any CPU
		{DB827BDE-630E-44A3-8164-3E9664B82763}.Ad-Hoc|x64.Build.0 = Debug|Any CPU
		{DB827BDE-630E-44A3-8164-3E9664B82763}.Ad-Hoc|x86.ActiveCfg = Debug|Any CPU
		{DB827BDE-630E-44A3-8164-3E9664B82763}.Ad-Hoc|x86.Build.0 = Debug|Any CPU
		{DB827BDE-630E-44A3-8164-3E9664B82763}.AppStore|Any CPU.ActiveCfg = Debug|Any CPU
		{DB827BDE-630E-44A3-8164-3E9664B82763}.AppStore|Any CPU.Build.0 = Debug|Any CPU
		{DB827BDE-630E-44A3-8164-3E9664B82763}.AppStore|ARM.ActiveCfg = Debug|Any CPU
		{DB827BDE-630E-44A3-8164-3E9664B82763}.AppStore|ARM.Build.0 = Debug|Any CPU
		{DB827BDE-630E-44A3-8164-3E9664B82763}.AppStore|iPhone.ActiveCfg = Debug|Any CPU
		{DB827BDE-630E-44A3-8164-3E9664B82763}.AppStore|iPhone.Build.0 = Debug|Any CPU
		{DB827BDE-630E-44A3-8164-3E9664B82763}.AppStore|iPhoneSimulator.ActiveCfg = Debug|Any CPU
		{DB827BDE-630E-44A3-8164-3E9664B82763}.AppStore|iPhoneSimulator.Build.0 = Debug|Any CPU
		{DB827BDE-630E-44A3-8164-3E9664B82763}.AppStore|x64.ActiveCfg = Debug|Any CPU
		{DB827BDE-630E-44A3-8164-3E9664B82763}.AppStore|x64.Build.0 = Debug|Any CPU
		{DB827BDE-630E-44A3-8164-3E9664B82763}.AppStore|x86.ActiveCfg = Debug|Any CPU
		{DB827BDE-630E-44A3-8164-3E9664B82763}.AppStore|x86.Build.0 = Debug|Any CPU
		{DB827BDE-630E-44A3-8164-3E9664B82763}.Debug|Any CPU.ActiveCfg = Debug|Any CPU
		{DB827BDE-630E-44A3-8164-3E9664B82763}.Debug|Any CPU.Build.0 = Debug|Any CPU
		{DB827BDE-630E-44A3-8164-3E9664B82763}.Debug|ARM.ActiveCfg = Debug|Any CPU
		{DB827BDE-630E-44A3-8164-3E9664B82763}.Debug|ARM.Build.0 = Debug|Any CPU
		{DB827BDE-630E-44A3-8164-3E9664B82763}.Debug|iPhone.ActiveCfg = Debug|Any CPU
		{DB827BDE-630E-44A3-8164-3E9664B82763}.Debug|iPhone.Build.0 = Debug|Any CPU
		{DB827BDE-630E-44A3-8164-3E9664B82763}.Debug|iPhoneSimulator.ActiveCfg = Debug|Any CPU
		{DB827BDE-630E-44A3-8164-3E9664B82763}.Debug|iPhoneSimulator.Build.0 = Debug|Any CPU
		{DB827BDE-630E-44A3-8164-3E9664B82763}.Debug|x64.ActiveCfg = Debug|Any CPU
		{DB827BDE-630E-44A3-8164-3E9664B82763}.Debug|x64.Build.0 = Debug|Any CPU
		{DB827BDE-630E-44A3-8164-3E9664B82763}.Debug|x86.ActiveCfg = Debug|Any CPU
		{DB827BDE-630E-44A3-8164-3E9664B82763}.Debug|x86.Build.0 = Debug|Any CPU
		{DB827BDE-630E-44A3-8164-3E9664B82763}.Release|Any CPU.ActiveCfg = Release|Any CPU
		{DB827BDE-630E-44A3-8164-3E9664B82763}.Release|Any CPU.Build.0 = Release|Any CPU
		{DB827BDE-630E-44A3-8164-3E9664B82763}.Release|ARM.ActiveCfg = Release|Any CPU
		{DB827BDE-630E-44A3-8164-3E9664B82763}.Release|ARM.Build.0 = Release|Any CPU
		{DB827BDE-630E-44A3-8164-3E9664B82763}.Release|iPhone.ActiveCfg = Release|Any CPU
		{DB827BDE-630E-44A3-8164-3E9664B82763}.Release|iPhone.Build.0 = Release|Any CPU
		{DB827BDE-630E-44A3-8164-3E9664B82763}.Release|iPhoneSimulator.ActiveCfg = Release|Any CPU
		{DB827BDE-630E-44A3-8164-3E9664B82763}.Release|iPhoneSimulator.Build.0 = Release|Any CPU
		{DB827BDE-630E-44A3-8164-3E9664B82763}.Release|x64.ActiveCfg = Release|Any CPU
		{DB827BDE-630E-44A3-8164-3E9664B82763}.Release|x64.Build.0 = Release|Any CPU
		{DB827BDE-630E-44A3-8164-3E9664B82763}.Release|x86.ActiveCfg = Release|Any CPU
		{DB827BDE-630E-44A3-8164-3E9664B82763}.Release|x86.Build.0 = Release|Any CPU
		{6190257E-353C-4920-A19A-2C11F3210E3B}.Ad-Hoc|Any CPU.ActiveCfg = Debug|Any CPU
		{6190257E-353C-4920-A19A-2C11F3210E3B}.Ad-Hoc|Any CPU.Build.0 = Debug|Any CPU
		{6190257E-353C-4920-A19A-2C11F3210E3B}.Ad-Hoc|ARM.ActiveCfg = Debug|Any CPU
		{6190257E-353C-4920-A19A-2C11F3210E3B}.Ad-Hoc|ARM.Build.0 = Debug|Any CPU
		{6190257E-353C-4920-A19A-2C11F3210E3B}.Ad-Hoc|iPhone.ActiveCfg = Debug|Any CPU
		{6190257E-353C-4920-A19A-2C11F3210E3B}.Ad-Hoc|iPhone.Build.0 = Debug|Any CPU
		{6190257E-353C-4920-A19A-2C11F3210E3B}.Ad-Hoc|iPhoneSimulator.ActiveCfg = Debug|Any CPU
		{6190257E-353C-4920-A19A-2C11F3210E3B}.Ad-Hoc|iPhoneSimulator.Build.0 = Debug|Any CPU
		{6190257E-353C-4920-A19A-2C11F3210E3B}.Ad-Hoc|x64.ActiveCfg = Debug|Any CPU
		{6190257E-353C-4920-A19A-2C11F3210E3B}.Ad-Hoc|x64.Build.0 = Debug|Any CPU
		{6190257E-353C-4920-A19A-2C11F3210E3B}.Ad-Hoc|x86.ActiveCfg = Debug|Any CPU
		{6190257E-353C-4920-A19A-2C11F3210E3B}.Ad-Hoc|x86.Build.0 = Debug|Any CPU
		{6190257E-353C-4920-A19A-2C11F3210E3B}.AppStore|Any CPU.ActiveCfg = Debug|Any CPU
		{6190257E-353C-4920-A19A-2C11F3210E3B}.AppStore|Any CPU.Build.0 = Debug|Any CPU
		{6190257E-353C-4920-A19A-2C11F3210E3B}.AppStore|ARM.ActiveCfg = Debug|Any CPU
		{6190257E-353C-4920-A19A-2C11F3210E3B}.AppStore|ARM.Build.0 = Debug|Any CPU
		{6190257E-353C-4920-A19A-2C11F3210E3B}.AppStore|iPhone.ActiveCfg = Debug|Any CPU
		{6190257E-353C-4920-A19A-2C11F3210E3B}.AppStore|iPhone.Build.0 = Debug|Any CPU
		{6190257E-353C-4920-A19A-2C11F3210E3B}.AppStore|iPhoneSimulator.ActiveCfg = Debug|Any CPU
		{6190257E-353C-4920-A19A-2C11F3210E3B}.AppStore|iPhoneSimulator.Build.0 = Debug|Any CPU
		{6190257E-353C-4920-A19A-2C11F3210E3B}.AppStore|x64.ActiveCfg = Debug|Any CPU
		{6190257E-353C-4920-A19A-2C11F3210E3B}.AppStore|x64.Build.0 = Debug|Any CPU
		{6190257E-353C-4920-A19A-2C11F3210E3B}.AppStore|x86.ActiveCfg = Debug|Any CPU
		{6190257E-353C-4920-A19A-2C11F3210E3B}.AppStore|x86.Build.0 = Debug|Any CPU
		{6190257E-353C-4920-A19A-2C11F3210E3B}.Debug|Any CPU.ActiveCfg = Debug|Any CPU
		{6190257E-353C-4920-A19A-2C11F3210E3B}.Debug|Any CPU.Build.0 = Debug|Any CPU
		{6190257E-353C-4920-A19A-2C11F3210E3B}.Debug|ARM.ActiveCfg = Debug|Any CPU
		{6190257E-353C-4920-A19A-2C11F3210E3B}.Debug|ARM.Build.0 = Debug|Any CPU
		{6190257E-353C-4920-A19A-2C11F3210E3B}.Debug|iPhone.ActiveCfg = Debug|Any CPU
		{6190257E-353C-4920-A19A-2C11F3210E3B}.Debug|iPhone.Build.0 = Debug|Any CPU
		{6190257E-353C-4920-A19A-2C11F3210E3B}.Debug|iPhoneSimulator.ActiveCfg = Debug|Any CPU
		{6190257E-353C-4920-A19A-2C11F3210E3B}.Debug|iPhoneSimulator.Build.0 = Debug|Any CPU
		{6190257E-353C-4920-A19A-2C11F3210E3B}.Debug|x64.ActiveCfg = Debug|Any CPU
		{6190257E-353C-4920-A19A-2C11F3210E3B}.Debug|x64.Build.0 = Debug|Any CPU
		{6190257E-353C-4920-A19A-2C11F3210E3B}.Debug|x86.ActiveCfg = Debug|Any CPU
		{6190257E-353C-4920-A19A-2C11F3210E3B}.Debug|x86.Build.0 = Debug|Any CPU
		{6190257E-353C-4920-A19A-2C11F3210E3B}.Release|Any CPU.ActiveCfg = Release|Any CPU
		{6190257E-353C-4920-A19A-2C11F3210E3B}.Release|Any CPU.Build.0 = Release|Any CPU
		{6190257E-353C-4920-A19A-2C11F3210E3B}.Release|ARM.ActiveCfg = Release|Any CPU
		{6190257E-353C-4920-A19A-2C11F3210E3B}.Release|ARM.Build.0 = Release|Any CPU
		{6190257E-353C-4920-A19A-2C11F3210E3B}.Release|iPhone.ActiveCfg = Release|Any CPU
		{6190257E-353C-4920-A19A-2C11F3210E3B}.Release|iPhone.Build.0 = Release|Any CPU
		{6190257E-353C-4920-A19A-2C11F3210E3B}.Release|iPhoneSimulator.ActiveCfg = Release|Any CPU
		{6190257E-353C-4920-A19A-2C11F3210E3B}.Release|iPhoneSimulator.Build.0 = Release|Any CPU
		{6190257E-353C-4920-A19A-2C11F3210E3B}.Release|x64.ActiveCfg = Release|Any CPU
		{6190257E-353C-4920-A19A-2C11F3210E3B}.Release|x64.Build.0 = Release|Any CPU
		{6190257E-353C-4920-A19A-2C11F3210E3B}.Release|x86.ActiveCfg = Release|Any CPU
		{6190257E-353C-4920-A19A-2C11F3210E3B}.Release|x86.Build.0 = Release|Any CPU
		{A186BA43-6571-4E5E-89F9-431622034581}.Ad-Hoc|Any CPU.ActiveCfg = Debug|Any CPU
		{A186BA43-6571-4E5E-89F9-431622034581}.Ad-Hoc|Any CPU.Build.0 = Debug|Any CPU
		{A186BA43-6571-4E5E-89F9-431622034581}.Ad-Hoc|ARM.ActiveCfg = Debug|Any CPU
		{A186BA43-6571-4E5E-89F9-431622034581}.Ad-Hoc|ARM.Build.0 = Debug|Any CPU
		{A186BA43-6571-4E5E-89F9-431622034581}.Ad-Hoc|iPhone.ActiveCfg = Debug|Any CPU
		{A186BA43-6571-4E5E-89F9-431622034581}.Ad-Hoc|iPhone.Build.0 = Debug|Any CPU
		{A186BA43-6571-4E5E-89F9-431622034581}.Ad-Hoc|iPhoneSimulator.ActiveCfg = Debug|Any CPU
		{A186BA43-6571-4E5E-89F9-431622034581}.Ad-Hoc|iPhoneSimulator.Build.0 = Debug|Any CPU
		{A186BA43-6571-4E5E-89F9-431622034581}.Ad-Hoc|x64.ActiveCfg = Debug|Any CPU
		{A186BA43-6571-4E5E-89F9-431622034581}.Ad-Hoc|x64.Build.0 = Debug|Any CPU
		{A186BA43-6571-4E5E-89F9-431622034581}.Ad-Hoc|x86.ActiveCfg = Debug|Any CPU
		{A186BA43-6571-4E5E-89F9-431622034581}.Ad-Hoc|x86.Build.0 = Debug|Any CPU
		{A186BA43-6571-4E5E-89F9-431622034581}.AppStore|Any CPU.ActiveCfg = Debug|Any CPU
		{A186BA43-6571-4E5E-89F9-431622034581}.AppStore|Any CPU.Build.0 = Debug|Any CPU
		{A186BA43-6571-4E5E-89F9-431622034581}.AppStore|ARM.ActiveCfg = Debug|Any CPU
		{A186BA43-6571-4E5E-89F9-431622034581}.AppStore|ARM.Build.0 = Debug|Any CPU
		{A186BA43-6571-4E5E-89F9-431622034581}.AppStore|iPhone.ActiveCfg = Debug|Any CPU
		{A186BA43-6571-4E5E-89F9-431622034581}.AppStore|iPhone.Build.0 = Debug|Any CPU
		{A186BA43-6571-4E5E-89F9-431622034581}.AppStore|iPhoneSimulator.ActiveCfg = Debug|Any CPU
		{A186BA43-6571-4E5E-89F9-431622034581}.AppStore|iPhoneSimulator.Build.0 = Debug|Any CPU
		{A186BA43-6571-4E5E-89F9-431622034581}.AppStore|x64.ActiveCfg = Debug|Any CPU
		{A186BA43-6571-4E5E-89F9-431622034581}.AppStore|x64.Build.0 = Debug|Any CPU
		{A186BA43-6571-4E5E-89F9-431622034581}.AppStore|x86.ActiveCfg = Debug|Any CPU
		{A186BA43-6571-4E5E-89F9-431622034581}.AppStore|x86.Build.0 = Debug|Any CPU
		{A186BA43-6571-4E5E-89F9-431622034581}.Debug|Any CPU.ActiveCfg = Debug|Any CPU
		{A186BA43-6571-4E5E-89F9-431622034581}.Debug|Any CPU.Build.0 = Debug|Any CPU
		{A186BA43-6571-4E5E-89F9-431622034581}.Debug|ARM.ActiveCfg = Debug|Any CPU
		{A186BA43-6571-4E5E-89F9-431622034581}.Debug|ARM.Build.0 = Debug|Any CPU
		{A186BA43-6571-4E5E-89F9-431622034581}.Debug|iPhone.ActiveCfg = Debug|Any CPU
		{A186BA43-6571-4E5E-89F9-431622034581}.Debug|iPhone.Build.0 = Debug|Any CPU
		{A186BA43-6571-4E5E-89F9-431622034581}.Debug|iPhoneSimulator.ActiveCfg = Debug|Any CPU
		{A186BA43-6571-4E5E-89F9-431622034581}.Debug|iPhoneSimulator.Build.0 = Debug|Any CPU
		{A186BA43-6571-4E5E-89F9-431622034581}.Debug|x64.ActiveCfg = Debug|Any CPU
		{A186BA43-6571-4E5E-89F9-431622034581}.Debug|x64.Build.0 = Debug|Any CPU
		{A186BA43-6571-4E5E-89F9-431622034581}.Debug|x86.ActiveCfg = Debug|Any CPU
		{A186BA43-6571-4E5E-89F9-431622034581}.Debug|x86.Build.0 = Debug|Any CPU
		{A186BA43-6571-4E5E-89F9-431622034581}.Release|Any CPU.ActiveCfg = Release|Any CPU
		{A186BA43-6571-4E5E-89F9-431622034581}.Release|Any CPU.Build.0 = Release|Any CPU
		{A186BA43-6571-4E5E-89F9-431622034581}.Release|ARM.ActiveCfg = Release|Any CPU
		{A186BA43-6571-4E5E-89F9-431622034581}.Release|ARM.Build.0 = Release|Any CPU
		{A186BA43-6571-4E5E-89F9-431622034581}.Release|iPhone.ActiveCfg = Release|Any CPU
		{A186BA43-6571-4E5E-89F9-431622034581}.Release|iPhone.Build.0 = Release|Any CPU
		{A186BA43-6571-4E5E-89F9-431622034581}.Release|iPhoneSimulator.ActiveCfg = Release|Any CPU
		{A186BA43-6571-4E5E-89F9-431622034581}.Release|iPhoneSimulator.Build.0 = Release|Any CPU
		{A186BA43-6571-4E5E-89F9-431622034581}.Release|x64.ActiveCfg = Release|Any CPU
		{A186BA43-6571-4E5E-89F9-431622034581}.Release|x64.Build.0 = Release|Any CPU
		{A186BA43-6571-4E5E-89F9-431622034581}.Release|x86.ActiveCfg = Release|Any CPU
		{A186BA43-6571-4E5E-89F9-431622034581}.Release|x86.Build.0 = Release|Any CPU
	EndGlobalSection
	GlobalSection(SolutionProperties) = preSolution
		HideSolutionNode = FALSE
	EndGlobalSection
	GlobalSection(NestedProjects) = preSolution
		{CD65C91F-D880-4A0C-8FB5-4FD56ADBAF94} = {FD58525B-5340-43B6-B58E-212B52AC3DB1}
		{844F511C-8F24-4E44-9E9D-DE84DAA76EFB} = {FD58525B-5340-43B6-B58E-212B52AC3DB1}
		{DB83334E-FD13-4161-BA45-041EE1B44DC7} = {FD58525B-5340-43B6-B58E-212B52AC3DB1}
		{D9A97C6D-F27C-465D-ADC0-FF725524C797} = {FD58525B-5340-43B6-B58E-212B52AC3DB1}
		{6E6A163E-B8C8-481E-ADDA-2B816EAE5169} = {FD58525B-5340-43B6-B58E-212B52AC3DB1}
		{699E242C-6EE5-4984-837B-B1D16CE55973} = {FD58525B-5340-43B6-B58E-212B52AC3DB1}
		{DB827BDE-630E-44A3-8164-3E9664B82763} = {EEB36725-0537-4B74-B56C-EDCFDB33F524}
		{6190257E-353C-4920-A19A-2C11F3210E3B} = {EEB36725-0537-4B74-B56C-EDCFDB33F524}
		{A186BA43-6571-4E5E-89F9-431622034581} = {EEB36725-0537-4B74-B56C-EDCFDB33F524}
	EndGlobalSection
	GlobalSection(ExtensibilityGlobals) = postSolution
		SolutionGuid = {40AFC20E-7491-4EA4-9F8B-AF456E2D7AEB}
	EndGlobalSection
EndGlobal
